
Microsoft Visual Studio Solution File, Format Version 12.00
# Visual Studio Version 16
VisualStudioVersion = 16.0.808.4
MinimumVisualStudioVersion = 10.0.40219.1
Project("{FAE04EC0-301F-11D3-BF4B-00C04F79EFBC}") = "MarinaHR", "MarinaHR.csproj", "{C1A051FA-7F8C-4A4D-8F78-3AB2DDC42D9D}"
EndProject
Global
	GlobalSection(SolutionConfigurationPlatforms) = preSolution
		Debug|Any CPU = Debug|Any CPU
		Release|Any CPU = Release|Any CPU
	EndGlobalSection
	GlobalSection(ProjectConfigurationPlatforms) = postSolution
		{C1A051FA-7F8C-4A4D-8F78-3AB2DDC42D9D}.Debug|Any CPU.ActiveCfg = Debug|Any CPU
		{C1A051FA-7F8C-4A4D-8F78-3AB2DDC42D9D}.Debug|Any CPU.Build.0 = Debug|Any CPU
		{C1A051FA-7F8C-4A4D-8F78-3AB2DDC42D9D}.Release|Any CPU.ActiveCfg = Release|Any CPU
		{C1A051FA-7F8C-4A4D-8F78-3AB2DDC42D9D}.Release|Any CPU.Build.0 = Release|Any CPU
	EndGlobalSection
	GlobalSection(SolutionProperties) = preSolution
		HideSolutionNode = FALSE
	EndGlobalSection
	GlobalSection(ExtensibilityGlobals) = postSolution
		SolutionGuid = {340FFDAB-2A5C-4434-8C38-744D62829906}
	EndGlobalSection
EndGlobal
